
Microsoft Visual Studio Solution File, Format Version 12.00
# Visual Studio Version 17
VisualStudioVersion = 17.7.34221.43
MinimumVisualStudioVersion = 10.0.40219.1
Project("{FAE04EC0-301F-11D3-BF4B-00C04F79EFBC}") = "wakemeupbeforeyoupentagogo", "wakemeupbeforeyoupentagogo\wakemeupbeforeyoupentagogo.csproj", "{08F5A10F-6D31-44E4-B910-D45522393D30}"
EndProject
Project("{2150E333-8FDC-42A3-9474-1A3956D46DE8}") = "Projektmappenelemente", "Projektmappenelemente", "{274862C7-BE59-417E-83A4-B5A40AD3D4C3}"
EndProject
Global
	GlobalSection(SolutionConfigurationPlatforms) = preSolution
		Debug|Any CPU = Debug|Any CPU
		Release|Any CPU = Release|Any CPU
	EndGlobalSection
	GlobalSection(ProjectConfigurationPlatforms) = postSolution
		{08F5A10F-6D31-44E4-B910-D45522393D30}.Debug|Any CPU.ActiveCfg = Debug|Any CPU
		{08F5A10F-6D31-44E4-B910-D45522393D30}.Debug|Any CPU.Build.0 = Debug|Any CPU
		{08F5A10F-6D31-44E4-B910-D45522393D30}.Release|Any CPU.ActiveCfg = Release|Any CPU
		{08F5A10F-6D31-44E4-B910-D45522393D30}.Release|Any CPU.Build.0 = Release|Any CPU
	EndGlobalSection
	GlobalSection(SolutionProperties) = preSolution
		HideSolutionNode = FALSE
	EndGlobalSection
	GlobalSection(ExtensibilityGlobals) = postSolution
		SolutionGuid = {9AE810CC-794A-4B3B-A1CF-EF7DA6730E32}
	EndGlobalSection
EndGlobal
